# This file is autogenerated, do not edit; changes may be undone by the next 'dep ensure'.


[[projects]]
  digest = "1:76dc72490af7174349349838f2fe118996381b31ea83243812a97e5a0fd5ed55"
  name = "github.com/dgrijalva/jwt-go"
  packages = ["."]
  pruneopts = "UT"
  revision = "06ea1031745cb8b3dab3f6a236daf2b0aa468b7e"
  version = "v3.2.0"

[[projects]]
  branch = "master"
  digest = "1:cf3dc25333eac52a3738172c42c9c9d7138121ff0a429f3b8033d2f0e7fe5c58"
  name = "github.com/factorysh/alertmanager-multitenant"
  packages = ["multitenant"]
  pruneopts = "UT"
  revision = "c623b17f81a6478bb718dbe7a5ec0a5486c1518f"

[solve-meta]
  analyzer-name = "dep"
  analyzer-version = 1
  input-imports = ["github.com/factorysh/alertmanager-multitenant/multitenant"]
  solver-name = "gps-cdcl"
  solver-version = 1
